
Microsoft Visual Studio Solution File, Format Version 12.00
# Visual Studio Version 16
VisualStudioVersion = 16.0.30104.148
MinimumVisualStudioVersion = 10.0.40219.1
Project("{FAE04EC0-301F-11D3-BF4B-00C04F79EFBC}") = "BG.Core", "BG.Core\BG.Core.csproj", "{DE65E9DB-C6C8-4740-A8DD-5AE72DAB560B}"
EndProject
Project("{FAE04EC0-301F-11D3-BF4B-00C04F79EFBC}") = "BG.Services", "BG.Services\BG.Services.csproj", "{D85D21E9-E1A7-4A7E-B60F-BDB8DD5E1C52}"
EndProject
Project("{FAE04EC0-301F-11D3-BF4B-00C04F79EFBC}") = "BG.Web", "BG.Web\BG.Web.csproj", "{C1937F65-FAAF-4A5C-86E1-11EBF36A2B11}"
EndProject
Project("{FAE04EC0-301F-11D3-BF4B-00C04F79EFBC}") = "BG.Web.UI", "BG.Web.UI\BG.Web.UI.csproj", "{CDA426F3-E628-46D8-92C5-642ADC0C6096}"
EndProject
Project("{FAE04EC0-301F-11D3-BF4B-00C04F79EFBC}") = "BG.Data", "BG.Data\BG.Data.csproj", "{C19A6EDC-23BE-46A9-BF19-1024D5421A5D}"
EndProject
Project("{FAE04EC0-301F-11D3-BF4B-00C04F79EFBC}") = "BG.DPDServices", "BG.DPDServices\BG.DPDServices.csproj", "{5660578A-1202-4CE2-B085-7CA48A51741E}"
EndProject
Project("{FAE04EC0-301F-11D3-BF4B-00C04F79EFBC}") = "BG.DPDWindowsService", "BG.DPDWindowsService\BG.DPDWindowsService.csproj", "{3B4B7691-99EB-475B-BA8E-286AF68E756E}"
EndProject
Global
	GlobalSection(SolutionConfigurationPlatforms) = preSolution
		Debug|Any CPU = Debug|Any CPU
		Release|Any CPU = Release|Any CPU
	EndGlobalSection
	GlobalSection(ProjectConfigurationPlatforms) = postSolution
		{DE65E9DB-C6C8-4740-A8DD-5AE72DAB560B}.Debug|Any CPU.ActiveCfg = Debug|Any CPU
		{DE65E9DB-C6C8-4740-A8DD-5AE72DAB560B}.Debug|Any CPU.Build.0 = Debug|Any CPU
		{DE65E9DB-C6C8-4740-A8DD-5AE72DAB560B}.Release|Any CPU.ActiveCfg = Release|Any CPU
		{DE65E9DB-C6C8-4740-A8DD-5AE72DAB560B}.Release|Any CPU.Build.0 = Release|Any CPU
		{D85D21E9-E1A7-4A7E-B60F-BDB8DD5E1C52}.Debug|Any CPU.ActiveCfg = Debug|Any CPU
		{D85D21E9-E1A7-4A7E-B60F-BDB8DD5E1C52}.Debug|Any CPU.Build.0 = Debug|Any CPU
		{D85D21E9-E1A7-4A7E-B60F-BDB8DD5E1C52}.Release|Any CPU.ActiveCfg = Release|Any CPU
		{D85D21E9-E1A7-4A7E-B60F-BDB8DD5E1C52}.Release|Any CPU.Build.0 = Release|Any CPU
		{C1937F65-FAAF-4A5C-86E1-11EBF36A2B11}.Debug|Any CPU.ActiveCfg = Debug|Any CPU
		{C1937F65-FAAF-4A5C-86E1-11EBF36A2B11}.Debug|Any CPU.Build.0 = Debug|Any CPU
		{C1937F65-FAAF-4A5C-86E1-11EBF36A2B11}.Release|Any CPU.ActiveCfg = Release|Any CPU
		{C1937F65-FAAF-4A5C-86E1-11EBF36A2B11}.Release|Any CPU.Build.0 = Release|Any CPU
		{CDA426F3-E628-46D8-92C5-642ADC0C6096}.Debug|Any CPU.ActiveCfg = Debug|Any CPU
		{CDA426F3-E628-46D8-92C5-642ADC0C6096}.Debug|Any CPU.Build.0 = Debug|Any CPU
		{CDA426F3-E628-46D8-92C5-642ADC0C6096}.Release|Any CPU.ActiveCfg = Release|Any CPU
		{CDA426F3-E628-46D8-92C5-642ADC0C6096}.Release|Any CPU.Build.0 = Release|Any CPU
		{C19A6EDC-23BE-46A9-BF19-1024D5421A5D}.Debug|Any CPU.ActiveCfg = Debug|Any CPU
		{C19A6EDC-23BE-46A9-BF19-1024D5421A5D}.Debug|Any CPU.Build.0 = Debug|Any CPU
		{C19A6EDC-23BE-46A9-BF19-1024D5421A5D}.Release|Any CPU.ActiveCfg = Release|Any CPU
		{C19A6EDC-23BE-46A9-BF19-1024D5421A5D}.Release|Any CPU.Build.0 = Release|Any CPU
		{5660578A-1202-4CE2-B085-7CA48A51741E}.Debug|Any CPU.ActiveCfg = Debug|Any CPU
		{5660578A-1202-4CE2-B085-7CA48A51741E}.Debug|Any CPU.Build.0 = Debug|Any CPU
		{5660578A-1202-4CE2-B085-7CA48A51741E}.Release|Any CPU.ActiveCfg = Release|Any CPU
		{5660578A-1202-4CE2-B085-7CA48A51741E}.Release|Any CPU.Build.0 = Release|Any CPU
		{3B4B7691-99EB-475B-BA8E-286AF68E756E}.Debug|Any CPU.ActiveCfg = Debug|Any CPU
		{3B4B7691-99EB-475B-BA8E-286AF68E756E}.Debug|Any CPU.Build.0 = Debug|Any CPU
		{3B4B7691-99EB-475B-BA8E-286AF68E756E}.Release|Any CPU.ActiveCfg = Release|Any CPU
		{3B4B7691-99EB-475B-BA8E-286AF68E756E}.Release|Any CPU.Build.0 = Release|Any CPU
	EndGlobalSection
	GlobalSection(SolutionProperties) = preSolution
		HideSolutionNode = FALSE
	EndGlobalSection
	GlobalSection(ExtensibilityGlobals) = postSolution
		SolutionGuid = {EAC1C3E0-2124-44E9-8F3C-76F83F154348}
	EndGlobalSection
EndGlobal
